
Microsoft Visual Studio Solution File, Format Version 12.00
Project("{FAE04EC0-301F-11D3-BF4B-00C04F79EFBC}") = "WebApp", "WebApp.csproj", "{D441640C-4DF6-4C6F-965F-280816864C85}"
EndProject
Global
	GlobalSection(SolutionConfigurationPlatforms) = preSolution
		Debug|Any CPU = Debug|Any CPU
		Release|Any CPU = Release|Any CPU
	EndGlobalSection
	GlobalSection(ProjectConfigurationPlatforms) = postSolution
		{D441640C-4DF6-4C6F-965F-280816864C85}.Debug|Any CPU.ActiveCfg = Debug|Any CPU
		{D441640C-4DF6-4C6F-965F-280816864C85}.Debug|Any CPU.Build.0 = Debug|Any CPU
		{D441640C-4DF6-4C6F-965F-280816864C85}.Release|Any CPU.ActiveCfg = Release|Any CPU
		{D441640C-4DF6-4C6F-965F-280816864C85}.Release|Any CPU.Build.0 = Release|Any CPU
	EndGlobalSection
EndGlobal
